
Microsoft Visual Studio Solution File, Format Version 12.00
# Visual Studio Version 16
VisualStudioVersion = 16.0.30907.101
MinimumVisualStudioVersion = 10.0.40219.1
Project("{FAE04EC0-301F-11D3-BF4B-00C04F79EFBC}") = "MLlearning._Common", "MLlearning._Common\MLlearning._Common.csproj", "{EEE61380-1BB5-4B36-880C-9768CE06E3BD}"
EndProject
Project("{FAE04EC0-301F-11D3-BF4B-00C04F79EFBC}") = "MLlearning.DAL", "MLlearning.DAL\MLlearning.DAL.csproj", "{588857CF-4A6C-4CEE-B674-F2F4E30DB27F}"
EndProject
Project("{FAE04EC0-301F-11D3-BF4B-00C04F79EFBC}") = "MLlearning.BL", "MLlearning.BL\MLlearning.BL.csproj", "{9A732D8B-D713-4875-8E40-077504C47924}"
EndProject
Global
	GlobalSection(SolutionConfigurationPlatforms) = preSolution
		Debug|Any CPU = Debug|Any CPU
		Release|Any CPU = Release|Any CPU
	EndGlobalSection
	GlobalSection(ProjectConfigurationPlatforms) = postSolution
		{EEE61380-1BB5-4B36-880C-9768CE06E3BD}.Debug|Any CPU.ActiveCfg = Debug|Any CPU
		{EEE61380-1BB5-4B36-880C-9768CE06E3BD}.Debug|Any CPU.Build.0 = Debug|Any CPU
		{EEE61380-1BB5-4B36-880C-9768CE06E3BD}.Release|Any CPU.ActiveCfg = Release|Any CPU
		{EEE61380-1BB5-4B36-880C-9768CE06E3BD}.Release|Any CPU.Build.0 = Release|Any CPU
		{588857CF-4A6C-4CEE-B674-F2F4E30DB27F}.Debug|Any CPU.ActiveCfg = Debug|Any CPU
		{588857CF-4A6C-4CEE-B674-F2F4E30DB27F}.Debug|Any CPU.Build.0 = Debug|Any CPU
		{588857CF-4A6C-4CEE-B674-F2F4E30DB27F}.Release|Any CPU.ActiveCfg = Release|Any CPU
		{588857CF-4A6C-4CEE-B674-F2F4E30DB27F}.Release|Any CPU.Build.0 = Release|Any CPU
		{9A732D8B-D713-4875-8E40-077504C47924}.Debug|Any CPU.ActiveCfg = Debug|Any CPU
		{9A732D8B-D713-4875-8E40-077504C47924}.Debug|Any CPU.Build.0 = Debug|Any CPU
		{9A732D8B-D713-4875-8E40-077504C47924}.Release|Any CPU.ActiveCfg = Release|Any CPU
		{9A732D8B-D713-4875-8E40-077504C47924}.Release|Any CPU.Build.0 = Release|Any CPU
	EndGlobalSection
	GlobalSection(SolutionProperties) = preSolution
		HideSolutionNode = FALSE
	EndGlobalSection
	GlobalSection(ExtensibilityGlobals) = postSolution
		SolutionGuid = {92E9421C-75CC-47A0-8816-567F17B31FBA}
	EndGlobalSection
EndGlobal
